
Microsoft Visual Studio Solution File, Format Version 12.00
# Visual Studio 15
VisualStudioVersion = 15.0.27428.2005
MinimumVisualStudioVersion = 10.0.40219.1
Project("{FAE04EC0-301F-11D3-BF4B-00C04F79EFBC}") = "01HornetWings", "01HornetWings\01HornetWings.csproj", "{9F781068-63C7-4264-865A-C753B90CCF83}"
EndProject
Project("{FAE04EC0-301F-11D3-BF4B-00C04F79EFBC}") = "02HornetComm", "02HornetComm\02HornetComm.csproj", "{8FAE8B35-0FB2-4D68-90BF-6296A3057ADC}"
EndProject
Project("{FAE04EC0-301F-11D3-BF4B-00C04F79EFBC}") = "03HornetAssault", "03HornetAssault\03HornetAssault.csproj", "{7A9A6E5B-22DB-4BB1-8311-A1BA5134B412}"
EndProject
Global
	GlobalSection(SolutionConfigurationPlatforms) = preSolution
		Debug|Any CPU = Debug|Any CPU
		Release|Any CPU = Release|Any CPU
	EndGlobalSection
	GlobalSection(ProjectConfigurationPlatforms) = postSolution
		{9F781068-63C7-4264-865A-C753B90CCF83}.Debug|Any CPU.ActiveCfg = Debug|Any CPU
		{9F781068-63C7-4264-865A-C753B90CCF83}.Debug|Any CPU.Build.0 = Debug|Any CPU
		{9F781068-63C7-4264-865A-C753B90CCF83}.Release|Any CPU.ActiveCfg = Release|Any CPU
		{9F781068-63C7-4264-865A-C753B90CCF83}.Release|Any CPU.Build.0 = Release|Any CPU
		{8FAE8B35-0FB2-4D68-90BF-6296A3057ADC}.Debug|Any CPU.ActiveCfg = Debug|Any CPU
		{8FAE8B35-0FB2-4D68-90BF-6296A3057ADC}.Debug|Any CPU.Build.0 = Debug|Any CPU
		{8FAE8B35-0FB2-4D68-90BF-6296A3057ADC}.Release|Any CPU.ActiveCfg = Release|Any CPU
		{8FAE8B35-0FB2-4D68-90BF-6296A3057ADC}.Release|Any CPU.Build.0 = Release|Any CPU
		{7A9A6E5B-22DB-4BB1-8311-A1BA5134B412}.Debug|Any CPU.ActiveCfg = Debug|Any CPU
		{7A9A6E5B-22DB-4BB1-8311-A1BA5134B412}.Debug|Any CPU.Build.0 = Debug|Any CPU
		{7A9A6E5B-22DB-4BB1-8311-A1BA5134B412}.Release|Any CPU.ActiveCfg = Release|Any CPU
		{7A9A6E5B-22DB-4BB1-8311-A1BA5134B412}.Release|Any CPU.Build.0 = Release|Any CPU
	EndGlobalSection
	GlobalSection(SolutionProperties) = preSolution
		HideSolutionNode = FALSE
	EndGlobalSection
	GlobalSection(ExtensibilityGlobals) = postSolution
		SolutionGuid = {7EBB4B28-A012-4268-87B8-0592CFC6804D}
	EndGlobalSection
EndGlobal
