
Microsoft Visual Studio Solution File, Format Version 12.00
# Visual Studio 15
VisualStudioVersion = 15.0.27428.2005
MinimumVisualStudioVersion = 10.0.40219.1
Project("{FAE04EC0-301F-11D3-BF4B-00C04F79EFBC}") = "01SweetDessert", "01SweetDessert\01SweetDessert.csproj", "{F06BC8E4-1D97-4DB6-A882-D50ACC3F1815}"
EndProject
Project("{FAE04EC0-301F-11D3-BF4B-00C04F79EFBC}") = "02ArrayManipulator", "02ArrayManipulator\02ArrayManipulator.csproj", "{9DEC66F1-9E07-4A05-A36D-41E9A1FE7076}"
EndProject
Project("{FAE04EC0-301F-11D3-BF4B-00C04F79EFBC}") = "03FootballLeague", "03FootballLeague\03FootballLeague.csproj", "{A55252E6-4728-4BA6-B6CB-31572543A5B0}"
EndProject
Project("{FAE04EC0-301F-11D3-BF4B-00C04F79EFBC}") = "04CubicMessages", "04CubicMessages\04CubicMessages.csproj", "{2C59491B-3F9F-4CB6-A309-CF0DC4C58E1E}"
EndProject
Global
	GlobalSection(SolutionConfigurationPlatforms) = preSolution
		Debug|Any CPU = Debug|Any CPU
		Release|Any CPU = Release|Any CPU
	EndGlobalSection
	GlobalSection(ProjectConfigurationPlatforms) = postSolution
		{F06BC8E4-1D97-4DB6-A882-D50ACC3F1815}.Debug|Any CPU.ActiveCfg = Debug|Any CPU
		{F06BC8E4-1D97-4DB6-A882-D50ACC3F1815}.Debug|Any CPU.Build.0 = Debug|Any CPU
		{F06BC8E4-1D97-4DB6-A882-D50ACC3F1815}.Release|Any CPU.ActiveCfg = Release|Any CPU
		{F06BC8E4-1D97-4DB6-A882-D50ACC3F1815}.Release|Any CPU.Build.0 = Release|Any CPU
		{9DEC66F1-9E07-4A05-A36D-41E9A1FE7076}.Debug|Any CPU.ActiveCfg = Debug|Any CPU
		{9DEC66F1-9E07-4A05-A36D-41E9A1FE7076}.Debug|Any CPU.Build.0 = Debug|Any CPU
		{9DEC66F1-9E07-4A05-A36D-41E9A1FE7076}.Release|Any CPU.ActiveCfg = Release|Any CPU
		{9DEC66F1-9E07-4A05-A36D-41E9A1FE7076}.Release|Any CPU.Build.0 = Release|Any CPU
		{A55252E6-4728-4BA6-B6CB-31572543A5B0}.Debug|Any CPU.ActiveCfg = Debug|Any CPU
		{A55252E6-4728-4BA6-B6CB-31572543A5B0}.Debug|Any CPU.Build.0 = Debug|Any CPU
		{A55252E6-4728-4BA6-B6CB-31572543A5B0}.Release|Any CPU.ActiveCfg = Release|Any CPU
		{A55252E6-4728-4BA6-B6CB-31572543A5B0}.Release|Any CPU.Build.0 = Release|Any CPU
		{2C59491B-3F9F-4CB6-A309-CF0DC4C58E1E}.Debug|Any CPU.ActiveCfg = Debug|Any CPU
		{2C59491B-3F9F-4CB6-A309-CF0DC4C58E1E}.Debug|Any CPU.Build.0 = Debug|Any CPU
		{2C59491B-3F9F-4CB6-A309-CF0DC4C58E1E}.Release|Any CPU.ActiveCfg = Release|Any CPU
		{2C59491B-3F9F-4CB6-A309-CF0DC4C58E1E}.Release|Any CPU.Build.0 = Release|Any CPU
	EndGlobalSection
	GlobalSection(SolutionProperties) = preSolution
		HideSolutionNode = FALSE
	EndGlobalSection
	GlobalSection(ExtensibilityGlobals) = postSolution
		SolutionGuid = {8A1872BE-C0B9-4E50-8285-56AC8DA90F89}
	EndGlobalSection
EndGlobal
