
Microsoft Visual Studio Solution File, Format Version 12.00
# Visual Studio 14
VisualStudioVersion = 14.0.25420.1
MinimumVisualStudioVersion = 10.0.40219.1
Project("{FAE04EC0-301F-11D3-BF4B-00C04F79EFBC}") = "CharityMarathon", "CharityMarathon\CharityMarathon.csproj", "{4A56DB16-E0AF-4E86-BAAA-C61F78472E12}"
EndProject
Project("{FAE04EC0-301F-11D3-BF4B-00C04F79EFBC}") = "02Ladybugs", "02Ladybugs\02Ladybugs.csproj", "{F42EBF65-BA27-4361-BB13-4FD577109C7F}"
EndProject
Project("{FAE04EC0-301F-11D3-BF4B-00C04F79EFBC}") = "01NetherRealms", "01NetherRealms\01NetherRealms.csproj", "{2CB7E6D1-03DE-4072-9F3F-B101FE91832F}"
EndProject
Project("{FAE04EC0-301F-11D3-BF4B-00C04F79EFBC}") = "03RoliTheCoder", "03RoliTheCoder\03RoliTheCoder.csproj", "{62040739-673C-4765-A699-A327AE034CCD}"
EndProject
Global
	GlobalSection(SolutionConfigurationPlatforms) = preSolution
		Debug|Any CPU = Debug|Any CPU
		Release|Any CPU = Release|Any CPU
	EndGlobalSection
	GlobalSection(ProjectConfigurationPlatforms) = postSolution
		{4A56DB16-E0AF-4E86-BAAA-C61F78472E12}.Debug|Any CPU.ActiveCfg = Debug|Any CPU
		{4A56DB16-E0AF-4E86-BAAA-C61F78472E12}.Debug|Any CPU.Build.0 = Debug|Any CPU
		{4A56DB16-E0AF-4E86-BAAA-C61F78472E12}.Release|Any CPU.ActiveCfg = Release|Any CPU
		{4A56DB16-E0AF-4E86-BAAA-C61F78472E12}.Release|Any CPU.Build.0 = Release|Any CPU
		{F42EBF65-BA27-4361-BB13-4FD577109C7F}.Debug|Any CPU.ActiveCfg = Debug|Any CPU
		{F42EBF65-BA27-4361-BB13-4FD577109C7F}.Debug|Any CPU.Build.0 = Debug|Any CPU
		{F42EBF65-BA27-4361-BB13-4FD577109C7F}.Release|Any CPU.ActiveCfg = Release|Any CPU
		{F42EBF65-BA27-4361-BB13-4FD577109C7F}.Release|Any CPU.Build.0 = Release|Any CPU
		{2CB7E6D1-03DE-4072-9F3F-B101FE91832F}.Debug|Any CPU.ActiveCfg = Debug|Any CPU
		{2CB7E6D1-03DE-4072-9F3F-B101FE91832F}.Debug|Any CPU.Build.0 = Debug|Any CPU
		{2CB7E6D1-03DE-4072-9F3F-B101FE91832F}.Release|Any CPU.ActiveCfg = Release|Any CPU
		{2CB7E6D1-03DE-4072-9F3F-B101FE91832F}.Release|Any CPU.Build.0 = Release|Any CPU
		{62040739-673C-4765-A699-A327AE034CCD}.Debug|Any CPU.ActiveCfg = Debug|Any CPU
		{62040739-673C-4765-A699-A327AE034CCD}.Debug|Any CPU.Build.0 = Debug|Any CPU
		{62040739-673C-4765-A699-A327AE034CCD}.Release|Any CPU.ActiveCfg = Release|Any CPU
		{62040739-673C-4765-A699-A327AE034CCD}.Release|Any CPU.Build.0 = Release|Any CPU
	EndGlobalSection
	GlobalSection(SolutionProperties) = preSolution
		HideSolutionNode = FALSE
	EndGlobalSection
EndGlobal
